<?xml version="1.0" encoding="utf-8"?>
<Project ToolsVersion="14.0" xmlns="http://schemas.microsoft.com/developer/msbuild/2003">
  <ItemGroup>
    <ClInclude Include="source\stripcomments.h">
      <Filter>source</Filter>
    </ClInclude>
    <ClCompile Include="source\stripcomments.cpp">
      <Filter>source</Filter>
    </ClCompile>
    <Filter Include="source">
      <UniqueIdentifier>C1F80770-3444-37E2-A54C-3FA9513F2686</UniqueIdentifier>
    </Filter>
  </ItemGroup>
</Project>
