
Microsoft Visual Studio Solution File, Format Version 12.00
# Visual Studio Version 17
VisualStudioVersion = 17.0.32112.339
MinimumVisualStudioVersion = 10.0.40219.1
Project("{FAE04EC0-301F-11D3-BF4B-00C04F79EFBC}") = "glsl_2022", "glsl_2022.csproj", "{729CEEB5-D903-41D2-8808-3A2E5C99806C}"
EndProject
Global
	GlobalSection(SolutionConfigurationPlatforms) = preSolution
		Release|Any CPU = Release|Any CPU
	EndGlobalSection
	GlobalSection(ProjectConfigurationPlatforms) = postSolution
		{729CEEB5-D903-41D2-8808-3A2E5C99806C}.Release|Any CPU.ActiveCfg = Release|Any CPU
		{729CEEB5-D903-41D2-8808-3A2E5C99806C}.Release|Any CPU.Build.0 = Release|Any CPU
	EndGlobalSection
	GlobalSection(SolutionProperties) = preSolution
		HideSolutionNode = FALSE
	EndGlobalSection
	GlobalSection(ExtensibilityGlobals) = postSolution
		SolutionGuid = {BD0FC803-C28B-4327-A129-CFB35C873897}
	EndGlobalSection
EndGlobal
