// !$*UTF8*$!
{
	archiveVersion = 1;
	classes = {
	};
	objectVersion = 45;
	objects = {

/* Begin PBXBuildFile section */
		170A527C6D92F8428AE898E3 /* QuartzCore.framework in Frameworks */ = {isa = PBXBuildFile; fileRef = 957F7268BCFABFC0E258709B /* QuartzCore.framework */; };
		4240DC30318791AEA29F4244 /* AudioToolbox.framework in Frameworks */ = {isa = PBXBuildFile; fileRef = 39EDF37A025CE139D5738163 /* AudioToolbox.framework */; };
		4C176397906DC1DFDAEDC9B6 /* Carbon.framework in Frameworks */ = {isa = PBXBuildFile; fileRef = 60566A081602146F3C8BA8CA /* Carbon.framework */; };
		6C902814AB77A08BC4043DAC /* SystemConfiguration.framework in Frameworks */ = {isa = PBXBuildFile; fileRef = E6C38CB99080A8ACE07C99B7 /* SystemConfiguration.framework */; };
		703FB004E425A87F34439960 /* stripcomments.cpp in Sources */ = {isa = PBXBuildFile; fileRef = B72EAA1950D02F9735E21634 /* stripcomments.cpp */; };
		711EFC702A92A9D938F2CADC /* OpenGL.framework in Frameworks */ = {isa = PBXBuildFile; fileRef = 9AC54CC47F3C0DD9956B9AD3 /* OpenGL.framework */; };
		A05A5D51D83195B4A9ADD4BC /* AppKit.framework in Frameworks */ = {isa = PBXBuildFile; fileRef = 6061B328817055E8B2E193D6 /* AppKit.framework */; };
		A5DC981E8FB0CA2A5B6E0B93 /* IOKit.framework in Frameworks */ = {isa = PBXBuildFile; fileRef = CB663B78C243F425CB5F622D /* IOKit.framework */; };
		A7DA9ABD6BEC875E6AC6D997 /* Cocoa.framework in Frameworks */ = {isa = PBXBuildFile; fileRef = 04BBF96056AA4E7B57C08772 /* Cocoa.framework */; };
		B640D35CE4DC325B57C77C21 /* AudioUnit.framework in Frameworks */ = {isa = PBXBuildFile; fileRef = 176C3F0503654FF92FDC346E /* AudioUnit.framework */; };
		FAC2A65BC3B522F4FF8DEDDF /* CoreAudio.framework in Frameworks */ = {isa = PBXBuildFile; fileRef = 67DB78113BD1F2042245B847 /* CoreAudio.framework */; };
/* End PBXBuildFile section */

/* Begin PBXFileReference section */
		04BBF96056AA4E7B57C08772 /* Cocoa.framework */ = {isa = PBXFileReference; lastKnownFileType = wrapper.framework; name = Cocoa.framework; path = System/Library/Frameworks/Cocoa.framework; sourceTree = SDKROOT; };
		176C3F0503654FF92FDC346E /* AudioUnit.framework */ = {isa = PBXFileReference; lastKnownFileType = wrapper.framework; name = AudioUnit.framework; path = System/Library/Frameworks/AudioUnit.framework; sourceTree = SDKROOT; };
		39EDF37A025CE139D5738163 /* AudioToolbox.framework */ = {isa = PBXFileReference; lastKnownFileType = wrapper.framework; name = AudioToolbox.framework; path = System/Library/Frameworks/AudioToolbox.framework; sourceTree = SDKROOT; };
		4A349BB3A467A11B64C9A28F /* stripcomments */ = {isa = PBXFileReference; explicitFileType = "compiled.mach-o.executable"; includeInIndex = 0; path = stripcomments; sourceTree = BUILT_PRODUCTS_DIR; };
		60566A081602146F3C8BA8CA /* Carbon.framework */ = {isa = PBXFileReference; lastKnownFileType = wrapper.framework; name = Carbon.framework; path = System/Library/Frameworks/Carbon.framework; sourceTree = SDKROOT; };
		6061B328817055E8B2E193D6 /* AppKit.framework */ = {isa = PBXFileReference; lastKnownFileType = wrapper.framework; name = AppKit.framework; path = System/Library/Frameworks/AppKit.framework; sourceTree = SDKROOT; };
		67DB78113BD1F2042245B847 /* CoreAudio.framework */ = {isa = PBXFileReference; lastKnownFileType = wrapper.framework; name = CoreAudio.framework; path = System/Library/Frameworks/CoreAudio.framework; sourceTree = SDKROOT; };
		957F7268BCFABFC0E258709B /* QuartzCore.framework */ = {isa = PBXFileReference; lastKnownFileType = wrapper.framework; name = QuartzCore.framework; path = System/Library/Frameworks/QuartzCore.framework; sourceTree = SDKROOT; };
		9AC54CC47F3C0DD9956B9AD3 /* OpenGL.framework */ = {isa = PBXFileReference; lastKnownFileType = wrapper.framework; name = OpenGL.framework; path = System/Library/Frameworks/OpenGL.framework; sourceTree = SDKROOT; };
		B72EAA1950D02F9735E21634 /* stripcomments.cpp */ = {isa = PBXFileReference; fileEncoding = 4; lastKnownFileType = sourcecode.cpp.cpp; name = stripcomments.cpp; path = source/stripcomments.cpp; sourceTree = SOURCE_ROOT; };
		CB663B78C243F425CB5F622D /* IOKit.framework */ = {isa = PBXFileReference; lastKnownFileType = wrapper.framework; name = IOKit.framework; path = System/Library/Frameworks/IOKit.framework; sourceTree = SDKROOT; };
		E6C38CB99080A8ACE07C99B7 /* SystemConfiguration.framework */ = {isa = PBXFileReference; lastKnownFileType = wrapper.framework; name = SystemConfiguration.framework; path = System/Library/Frameworks/SystemConfiguration.framework; sourceTree = SDKROOT; };
		EAF5518D29BCA938939FEFA8 /* stripcomments.h */ = {isa = PBXFileReference; fileEncoding = 4; lastKnownFileType = sourcecode.c.h; name = stripcomments.h; path = source/stripcomments.h; sourceTree = SOURCE_ROOT; };
/* End PBXFileReference section */

/* Begin PBXFrameworksBuildPhase section */
		C333FEA773F453EF8DE39E19 /* Frameworks */ = {
			isa = PBXFrameworksBuildPhase;
			buildActionMask = 2147483647;
			files = (
				A05A5D51D83195B4A9ADD4BC /* AppKit.framework in Frameworks */,
				4240DC30318791AEA29F4244 /* AudioToolbox.framework in Frameworks */,
				B640D35CE4DC325B57C77C21 /* AudioUnit.framework in Frameworks */,
				4C176397906DC1DFDAEDC9B6 /* Carbon.framework in Frameworks */,
				A7DA9ABD6BEC875E6AC6D997 /* Cocoa.framework in Frameworks */,
				FAC2A65BC3B522F4FF8DEDDF /* CoreAudio.framework in Frameworks */,
				A5DC981E8FB0CA2A5B6E0B93 /* IOKit.framework in Frameworks */,
				711EFC702A92A9D938F2CADC /* OpenGL.framework in Frameworks */,
				170A527C6D92F8428AE898E3 /* QuartzCore.framework in Frameworks */,
				6C902814AB77A08BC4043DAC /* SystemConfiguration.framework in Frameworks */,
			);
			runOnlyForDeploymentPostprocessing = 0;
		};
/* End PBXFrameworksBuildPhase section */

/* Begin PBXGroup section */
		4CE489F4A9041625DE5927C3 /* source */ = {
			isa = PBXGroup;
			children = (
				B72EAA1950D02F9735E21634 /* stripcomments.cpp */,
				EAF5518D29BCA938939FEFA8 /* stripcomments.h */,
			);
			path = source;
			sourceTree = SOURCE_ROOT;
		};
		5661B90E05C1797F20D64E1A /* stripcomments */ = {
			isa = PBXGroup;
			children = (
				6555983C4FFDAFC88D6ED936 /* Frameworks */,
				9796CE949CD3951E99BB35F6 /* Products */,
				4CE489F4A9041625DE5927C3 /* source */,
			);
			name = stripcomments;
			sourceTree = "<group>";
		};
		6555983C4FFDAFC88D6ED936 /* Frameworks */ = {
			isa = PBXGroup;
			children = (
				6061B328817055E8B2E193D6 /* AppKit.framework */,
				39EDF37A025CE139D5738163 /* AudioToolbox.framework */,
				176C3F0503654FF92FDC346E /* AudioUnit.framework */,
				60566A081602146F3C8BA8CA /* Carbon.framework */,
				04BBF96056AA4E7B57C08772 /* Cocoa.framework */,
				67DB78113BD1F2042245B847 /* CoreAudio.framework */,
				CB663B78C243F425CB5F622D /* IOKit.framework */,
				9AC54CC47F3C0DD9956B9AD3 /* OpenGL.framework */,
				957F7268BCFABFC0E258709B /* QuartzCore.framework */,
				E6C38CB99080A8ACE07C99B7 /* SystemConfiguration.framework */,
			);
			name = Frameworks;
			sourceTree = "<group>";
		};
		9796CE949CD3951E99BB35F6 /* Products */ = {
			isa = PBXGroup;
			children = (
				4A349BB3A467A11B64C9A28F /* stripcomments */,
			);
			name = Products;
			sourceTree = "<group>";
		};
/* End PBXGroup section */

/* Begin PBXNativeTarget section */
		C3E5C143FC0D9E361E370AA3 /* stripcomments */ = {
			isa = PBXNativeTarget;
			buildConfigurationList = 88962AE4E6957ACDD9C075BA /* Build configuration list for PBXNativeTarget "stripcomments" */;
			buildPhases = (
				4A40543083F35221121EB0D6 /* Sources */,
				C333FEA773F453EF8DE39E19 /* Frameworks */,
				210684EC2E47B1FB06F54A83 /* ShellScript */,
				8F430460C95B37D52EABF971 /* ShellScript */,
			);
			buildRules = (
			);
			dependencies = (
			);
			name = stripcomments;
			productName = stripcomments;
			productReference = 4A349BB3A467A11B64C9A28F /* stripcomments */;
			productType = "com.apple.product-type.tool";
		};
/* End PBXNativeTarget section */

/* Begin PBXProject section */
		FC9EF6EBA512E144A1996BDC /* Project object */ = {
			isa = PBXProject;
			attributes = {
				BuildIndependentTargetsInParallel = YES;
			};
			buildConfigurationList = A9F67EBFF5271CAE62D0194D /* Build configuration list for PBXProject "stripcommentsxc3osx" */;
			compatibilityVersion = "Xcode 3.1";
			developmentRegion = English;
			hasScannedForEncodings = 1;
			knownRegions = (
				en,
			);
			mainGroup = 5661B90E05C1797F20D64E1A /* stripcomments */;
			projectDirPath = "";
			projectRoot = "";
			targets = (
				C3E5C143FC0D9E361E370AA3 /* stripcomments */,
			);
		};
/* End PBXProject section */

/* Begin PBXShellScriptBuildPhase section */
		210684EC2E47B1FB06F54A83 /* ShellScript */ = {
			isa = PBXShellScriptBuildPhase;
			buildActionMask = 2147483647;
			files = (
			);
			inputPaths = (
				"${CONFIGURATION_BUILD_DIR}/${EXECUTABLE_NAME}",
			);
			outputPaths = (
				"${SRCROOT}/bin/${EXECUTABLE_NAME}xc3${SUFFIX}",
			);
			runOnlyForDeploymentPostprocessing = 0;
			shellPath = /bin/sh;
			shellScript = "if [ ! -d ${SRCROOT}/bin ]; then mkdir ${SRCROOT}/bin; fi\n${CP} ${CONFIGURATION_BUILD_DIR}/${EXECUTABLE_NAME} ${SRCROOT}/bin/${EXECUTABLE_NAME}xc3${SUFFIX}\n";
			showEnvVarsInLog = 0;
		};
		8F430460C95B37D52EABF971 /* ShellScript */ = {
			isa = PBXShellScriptBuildPhase;
			buildActionMask = 2147483647;
			files = (
			);
			inputPaths = (
				"${CONFIGURATION_BUILD_DIR}/${EXECUTABLE_NAME}",
			);
			outputPaths = (
				"${BURGER_SDKS}/macosx/bin/${PRODUCT_NAME}",
			);
			runOnlyForDeploymentPostprocessing = 0;
			shellPath = /bin/sh;
			shellScript = "if [ \"${CONFIGURATION}\" == \"Release\" ]; then \n/opt/local/bin/p4 edit ${BURGER_SDKS}/macosx/bin/${PRODUCT_NAME}\n${CP} ${CONFIGURATION_BUILD_DIR}/${EXECUTABLE_NAME} ${BURGER_SDKS}/macosx/bin/${PRODUCT_NAME}\nfi\n\n";
			showEnvVarsInLog = 0;
		};
/* End PBXShellScriptBuildPhase section */

/* Begin PBXSourcesBuildPhase section */
		4A40543083F35221121EB0D6 /* Sources */ = {
			isa = PBXSourcesBuildPhase;
			buildActionMask = 2147483647;
			files = (
				703FB004E425A87F34439960 /* stripcomments.cpp in Sources */,
			);
			runOnlyForDeploymentPostprocessing = 0;
		};
/* End PBXSourcesBuildPhase section */

/* Begin XCBuildConfiguration section */
		5DECB183A6E8FE9506DD94BF /* Release */ = {
			isa = XCBuildConfiguration;
			buildSettings = {
				ARCHS = (
					ppc,
					ppc64,
					i386,
					x86_64,
				);
				CONFIGURATION_BUILD_DIR = "$(SYMROOT)/$(PRODUCT_NAME)xc3osxrel";
				CONFIGURATION_TEMP_DIR = "$(SYMROOT)/$(PRODUCT_NAME)xc3osxrel";
				DEAD_CODE_STRIPPING = YES;
				DEBUG_INFORMATION_FORMAT = dwarf;
				GCC_CW_ASM_SYNTAX = YES;
				GCC_C_LANGUAGE_STANDARD = gnu99;
				GCC_DYNAMIC_NO_PIC = NO;
				"GCC_DYNAMIC_NO_PIC[arch=i386]" = YES;
				"GCC_DYNAMIC_NO_PIC[arch=ppc64]" = YES;
				"GCC_DYNAMIC_NO_PIC[arch=ppc]" = YES;
				GCC_ENABLE_CPP_EXCEPTIONS = NO;
				GCC_ENABLE_CPP_RTTI = NO;
				GCC_INPUT_FILETYPE = sourcecode.cpp.objcpp;
				GCC_MODEL_PPC64 = NO;
				"GCC_MODEL_PPC64[arch=ppc64]" = YES;
				GCC_MODEL_TUNING = G4;
				"GCC_MODEL_TUNING[arch=ppc64]" = G5;
				GCC_OPTIMIZATION_LEVEL = s;
				GCC_PREPROCESSOR_DEFINITIONS = (
					NDEBUG,
				);
				GCC_THREADSAFE_STATICS = NO;
				GCC_VERSION = com.apple.compilers.llvm.clang.1_0;
				"GCC_VERSION[sdk=macosx10.4]" = com.apple.compilers.llvmgcc42;
				"GCC_VERSION[sdk=macosx10.5]" = com.apple.compilers.llvmgcc42;
				"GCC_VERSION[sdk=macosx10.5][arch=i386]" = 4.2;
				"GCC_VERSION[sdk=macosx10.5][arch=ppc64]" = 4.0;
				GCC_WARN_64_TO_32_BIT_CONVERSION = YES;
				GCC_WARN_ABOUT_MISSING_PROTOTYPES = YES;
				GCC_WARN_ABOUT_POINTER_SIGNEDNESS = YES;
				GCC_WARN_ABOUT_RETURN_TYPE = YES;
				GCC_WARN_ALLOW_INCOMPLETE_PROTOCOL = YES;
				GCC_WARN_CHECK_SWITCH_STATEMENTS = YES;
				GCC_WARN_HIDDEN_VIRTUAL_FUNCTIONS = YES;
				GCC_WARN_INITIALIZER_NOT_FULLY_BRACKETED = NO;
				GCC_WARN_MISSING_PARENTHESES = YES;
				GCC_WARN_NON_VIRTUAL_DESTRUCTOR = YES;
				GCC_WARN_PROTOTYPE_CONVERSION = YES;
				GCC_WARN_SHADOW = YES;
				GCC_WARN_TYPECHECK_CALLS_TO_PRINTF = YES;
				GCC_WARN_UNINITIALIZED_AUTOS = YES;
				GCC_WARN_UNUSED_FUNCTION = YES;
				GCC_WARN_UNUSED_LABEL = YES;
				GCC_WARN_UNUSED_PARAMETER = YES;
				GCC_WARN_UNUSED_VALUE = YES;
				GCC_WARN_UNUSED_VARIABLE = YES;
				GENERATE_PROFILING_CODE = NO;
				HEADER_SEARCH_PATHS = (
					"$(BURGER_SDKS)/macosx/burgerlib",
				);
				LIBRARY_SEARCH_PATHS = (
					"$(BURGER_SDKS)/macosx/burgerlib",
				);
				MACH_O_TYPE = mh_execute;
				MACOSX_DEPLOYMENT_TARGET = 10.4;
				OBJROOT = temp;
				ONLY_ACTIVE_ARCH = NO;
				OTHER_LDFLAGS = (
					"-lburgerxc3osxrel",
				);
				PREBINDING = YES;
				PRODUCT_NAME = "$(TARGET_NAME)";
				SDKROOT = macosx10.5;
				STRINGS_FILE_OUTPUT_ENCODING = "UTF-8";
				SUFFIX = osxrel;
				SYMROOT = temp;
			};
			name = Release;
		};
		AD8C07CCBFDD02C89CA9679A /* Release */ = {
			isa = XCBuildConfiguration;
			buildSettings = {
			};
			name = Release;
		};
/* End XCBuildConfiguration section */

/* Begin XCConfigurationList section */
		88962AE4E6957ACDD9C075BA /* Build configuration list for PBXNativeTarget "stripcomments" */ = {
			isa = XCConfigurationList;
			buildConfigurations = (
				AD8C07CCBFDD02C89CA9679A /* Release */,
			);
			defaultConfigurationIsVisible = 0;
			defaultConfigurationName = Release;
		};
		A9F67EBFF5271CAE62D0194D /* Build configuration list for PBXProject "stripcommentsxc3osx" */ = {
			isa = XCConfigurationList;
			buildConfigurations = (
				5DECB183A6E8FE9506DD94BF /* Release */,
			);
			defaultConfigurationIsVisible = 0;
			defaultConfigurationName = Release;
		};
/* End XCConfigurationList section */
	};
	rootObject = FC9EF6EBA512E144A1996BDC /* Project object */;
}
